{
  "lockfileVersion": 1,
  "name": "demo-cli",
  "scripts": {
    "create-component": "node ./cli/create-component.js --path",
    "add-prefix-nginx": "node cli/app-config.js add-prefix-nginx",
    "add-proxy": "node cli/app-config.js add-proxy-backend-url",
    "init-base-settings-app": "node cli/app-config.js init-base-settings-app"
  },
  "bin": {
    "test-demo-cli": "cli/test.js"
  }
}
